# This file is automatically @generated by Cargo.
# It is not intended for manual editing.
version = 4

[[package]]
name = "calyx-anneal"
version = "0.1.0"

[[package]]
name = "calyx-assay"
version = "0.1.0"

[[package]]
name = "calyx-aster"
version = "0.1.0"

[[package]]
name = "calyx-cli"
version = "0.1.0"

[[package]]
name = "calyx-core"
version = "0.1.0"

[[package]]
name = "calyx-forge"
version = "0.1.0"

[[package]]
name = "calyx-ledger"
version = "0.1.0"

[[package]]
name = "calyx-lodestar"
version = "0.1.0"

[[package]]
name = "calyx-loom"
version = "0.1.0"

[[package]]
name = "calyx-mcp"
version = "0.1.0"

[[package]]
name = "calyx-mincut"
version = "0.1.0"

[[package]]
name = "calyx-oracle"
version = "0.1.0"

[[package]]
name = "calyx-paths"
version = "0.1.0"

[[package]]
name = "calyx-registry"
version = "0.1.0"

[[package]]
name = "calyx-sextant"
version = "0.1.0"

[[package]]
name = "calyx-ward"
version = "0.1.0"

[[package]]
name = "calyxd"
version = "0.1.0"
